
Microsoft Visual Studio Solution File, Format Version 12.00
# Visual Studio Version 16
VisualStudioVersion = 16.0.32126.315
MinimumVisualStudioVersion = 10.0.40219.1
Project("{FAE04EC0-301F-11D3-BF4B-00C04F79EFBC}") = "Speedster", "speedster\Speedster.csproj", "{95BDB4C7-82BE-4336-8343-126560FAE4E3}"
EndProject
Global
	GlobalSection(SolutionConfigurationPlatforms) = preSolution
		Debug|Any CPU = Debug|Any CPU
		Release|Any CPU = Release|Any CPU
	EndGlobalSection
	GlobalSection(ProjectConfigurationPlatforms) = postSolution
		{95BDB4C7-82BE-4336-8343-126560FAE4E3}.Debug|Any CPU.ActiveCfg = Debug|Any CPU
		{95BDB4C7-82BE-4336-8343-126560FAE4E3}.Debug|Any CPU.Build.0 = Debug|Any CPU
		{95BDB4C7-82BE-4336-8343-126560FAE4E3}.Release|Any CPU.ActiveCfg = Release|Any CPU
		{95BDB4C7-82BE-4336-8343-126560FAE4E3}.Release|Any CPU.Build.0 = Release|Any CPU
	EndGlobalSection
	GlobalSection(SolutionProperties) = preSolution
		HideSolutionNode = FALSE
	EndGlobalSection
	GlobalSection(ExtensibilityGlobals) = postSolution
		SolutionGuid = {C28ECE49-0CCE-463C-A9C0-F870F3429BB5}
	EndGlobalSection
EndGlobal
